<Solution>
  <Configurations>
    <Platform Name="Any CPU" />
    <Platform Name="ARM64" />
    <Platform Name="x64" />
    <Platform Name="x86" />
  </Configurations>
  <Project Path="PolyglotCLI.core/PolyglotCLI.core.csproj" />
  <Project Path="PolyglotCLI.web/PolyglotCLI.web.csproj" />
  <Project Path="PolyglotCLI.Maui/PolyglotCLI.Maui.csproj" Id="df431228-37fd-4d24-9831-7f9f99c20d3b" />
  <Project Path="PolyglotCLI.test/PolyglotCLI.test.csproj" />
</Solution>
